
Microsoft Visual Studio Solution File, Format Version 12.00
# Visual Studio Version 17
VisualStudioVersion = 17.3.32929.385
MinimumVisualStudioVersion = 10.0.40219.1
Project("{FAE04EC0-301F-11D3-BF4B-00C04F79EFBC}") = "Cadastro_Empresas", "Cadastro_Empresas\Cadastro_Empresas.csproj", "{48511ED7-E426-4529-943F-4F6131BBDEDB}"
EndProject
Global
	GlobalSection(SolutionConfigurationPlatforms) = preSolution
		Debug|Any CPU = Debug|Any CPU
		Release|Any CPU = Release|Any CPU
	EndGlobalSection
	GlobalSection(ProjectConfigurationPlatforms) = postSolution
		{48511ED7-E426-4529-943F-4F6131BBDEDB}.Debug|Any CPU.ActiveCfg = Debug|Any CPU
		{48511ED7-E426-4529-943F-4F6131BBDEDB}.Debug|Any CPU.Build.0 = Debug|Any CPU
		{48511ED7-E426-4529-943F-4F6131BBDEDB}.Release|Any CPU.ActiveCfg = Release|Any CPU
		{48511ED7-E426-4529-943F-4F6131BBDEDB}.Release|Any CPU.Build.0 = Release|Any CPU
	EndGlobalSection
	GlobalSection(SolutionProperties) = preSolution
		HideSolutionNode = FALSE
	EndGlobalSection
	GlobalSection(ExtensibilityGlobals) = postSolution
		SolutionGuid = {07DAE8D1-65B3-4FD4-A338-E2754FA472DA}
	EndGlobalSection
EndGlobal
